
Microsoft Visual Studio Solution File, Format Version 12.00
# Visual Studio Version 17
VisualStudioVersion = 17.9.34622.214
MinimumVisualStudioVersion = 10.0.40219.1
Project("{F184B08F-C81C-45F6-A57F-5ABD9991F28F}") = "Practica5", "Practica5\Practica5.vbproj", "{96DC20F6-70F0-467D-AC57-37BBD5F4AC16}"
EndProject
Global
	GlobalSection(SolutionConfigurationPlatforms) = preSolution
		Debug|Any CPU = Debug|Any CPU
		Release|Any CPU = Release|Any CPU
	EndGlobalSection
	GlobalSection(ProjectConfigurationPlatforms) = postSolution
		{96DC20F6-70F0-467D-AC57-37BBD5F4AC16}.Debug|Any CPU.ActiveCfg = Debug|Any CPU
		{96DC20F6-70F0-467D-AC57-37BBD5F4AC16}.Debug|Any CPU.Build.0 = Debug|Any CPU
		{96DC20F6-70F0-467D-AC57-37BBD5F4AC16}.Release|Any CPU.ActiveCfg = Release|Any CPU
		{96DC20F6-70F0-467D-AC57-37BBD5F4AC16}.Release|Any CPU.Build.0 = Release|Any CPU
	EndGlobalSection
	GlobalSection(SolutionProperties) = preSolution
		HideSolutionNode = FALSE
	EndGlobalSection
	GlobalSection(ExtensibilityGlobals) = postSolution
		SolutionGuid = {0516C614-F9EF-4405-93FF-32867DF260E7}
	EndGlobalSection
EndGlobal
