
Microsoft Visual Studio Solution File, Format Version 12.00
# Visual Studio Version 17
VisualStudioVersion = 17.9.34622.214
MinimumVisualStudioVersion = 10.0.40219.1
Project("{F184B08F-C81C-45F6-A57F-5ABD9991F28F}") = "Calculadora", "Calculadora\Calculadora.vbproj", "{C7A33125-6366-46E6-9A3F-3DF1AE0EF23E}"
EndProject
Global
	GlobalSection(SolutionConfigurationPlatforms) = preSolution
		Debug|Any CPU = Debug|Any CPU
		Release|Any CPU = Release|Any CPU
	EndGlobalSection
	GlobalSection(ProjectConfigurationPlatforms) = postSolution
		{C7A33125-6366-46E6-9A3F-3DF1AE0EF23E}.Debug|Any CPU.ActiveCfg = Debug|Any CPU
		{C7A33125-6366-46E6-9A3F-3DF1AE0EF23E}.Debug|Any CPU.Build.0 = Debug|Any CPU
		{C7A33125-6366-46E6-9A3F-3DF1AE0EF23E}.Release|Any CPU.ActiveCfg = Release|Any CPU
		{C7A33125-6366-46E6-9A3F-3DF1AE0EF23E}.Release|Any CPU.Build.0 = Release|Any CPU
	EndGlobalSection
	GlobalSection(SolutionProperties) = preSolution
		HideSolutionNode = FALSE
	EndGlobalSection
	GlobalSection(ExtensibilityGlobals) = postSolution
		SolutionGuid = {AF3BF03B-5B03-43B9-B0C1-BDF6A1AE36E3}
	EndGlobalSection
EndGlobal
